PODS:
  - SwiftLint (0.25.1)
  - SwiftyJSON (4.0.0)

DEPENDENCIES:
  - SwiftLint
  - SwiftyJSON

SPEC CHECKSUMS:
  SwiftLint: ce933681be10c3266e82576dad676fa815a602e9
  SwiftyJSON: 070dabdcb1beb81b247c65ffa3a79dbbfb3b48aa

PODFILE CHECKSUM: 106fd49c25d745e02a6c57f3269990f659789fcf

COCOAPODS: 1.2.1
