// !$*UTF8*$!
{
	archiveVersion = 1;
	classes = {
	};
	objectVersion = 46;
	objects = {

/* Begin PBXBuildFile section */
		891F3A4EAD1FD2B9705909C0 /* Pods_Reddit_Walls.framework in Frameworks */ = {isa = PBXBuildFile; fileRef = B01ABD71294A79AEC9425D28 /* Pods_Reddit_Walls.framework */; };
		CA10252D1F876BDD00FFD9D6 /* DataManager.swift in Sources */ = {isa = PBXBuildFile; fileRef = CA1025281F876BDD00FFD9D6 /* DataManager.swift */; };
		CA10252E1F876BDD00FFD9D6 /* Extensions.swift in Sources */ = {isa = PBXBuildFile; fileRef = CA1025291F876BDD00FFD9D6 /* Extensions.swift */; };
		CA10252F1F876BDD00FFD9D6 /* StuffManager.swift in Sources */ = {isa = PBXBuildFile; fileRef = CA10252A1F876BDD00FFD9D6 /* StuffManager.swift */; };
		CA1025301F876BDD00FFD9D6 /* SwiftyJSONPaths.swift in Sources */ = {isa = PBXBuildFile; fileRef = CA10252B1F876BDD00FFD9D6 /* SwiftyJSONPaths.swift */; };
		CA1025311F876BDD00FFD9D6 /* Wallpaper.swift in Sources */ = {isa = PBXBuildFile; fileRef = CA10252C1F876BDD00FFD9D6 /* Wallpaper.swift */; };
		CA1025381F876BF900FFD9D6 /* BaseVC.swift in Sources */ = {isa = PBXBuildFile; fileRef = CA1025331F876BF900FFD9D6 /* BaseVC.swift */; };
		CA1025391F876BF900FFD9D6 /* FavoritesVC.swift in Sources */ = {isa = PBXBuildFile; fileRef = CA1025341F876BF900FFD9D6 /* FavoritesVC.swift */; };
		CA10253A1F876BF900FFD9D6 /* InformationVC.swift in Sources */ = {isa = PBXBuildFile; fileRef = CA1025351F876BF900FFD9D6 /* InformationVC.swift */; };
		CA10253B1F876BF900FFD9D6 /* SelectedWallpaperVC.swift in Sources */ = {isa = PBXBuildFile; fileRef = CA1025361F876BF900FFD9D6 /* SelectedWallpaperVC.swift */; };
		CA10253C1F876BF900FFD9D6 /* WallpapersVC.swift in Sources */ = {isa = PBXBuildFile; fileRef = CA1025371F876BF900FFD9D6 /* WallpapersVC.swift */; };
		CA1025461F876D5000FFD9D6 /* AppDelegate.swift in Sources */ = {isa = PBXBuildFile; fileRef = CA10253F1F876D5000FFD9D6 /* AppDelegate.swift */; };
		CA1025471F876D5000FFD9D6 /* Assets.xcassets in Resources */ = {isa = PBXBuildFile; fileRef = CA1025411F876D5000FFD9D6 /* Assets.xcassets */; };
		CA1025491F876D5000FFD9D6 /* InformationVC.xib in Resources */ = {isa = PBXBuildFile; fileRef = CA1025441F876D5000FFD9D6 /* InformationVC.xib */; };
		CA10254A1F876D5000FFD9D6 /* WallpaperCell.swift in Sources */ = {isa = PBXBuildFile; fileRef = CA1025451F876D5000FFD9D6 /* WallpaperCell.swift */; };
		CA10254F1F876D8A00FFD9D6 /* Main.storyboard in Resources */ = {isa = PBXBuildFile; fileRef = CA10254B1F876D8A00FFD9D6 /* Main.storyboard */; };
		CA1025501F876D8A00FFD9D6 /* LaunchScreen.storyboard in Resources */ = {isa = PBXBuildFile; fileRef = CA10254D1F876D8A00FFD9D6 /* LaunchScreen.storyboard */; };
/* End PBXBuildFile section */

/* Begin PBXFileReference section */
		B01ABD71294A79AEC9425D28 /* Pods_Reddit_Walls.framework */ = {isa = PBXFileReference; explicitFileType = wrapper.framework; includeInIndex = 0; path = Pods_Reddit_Walls.framework; sourceTree = BUILT_PRODUCTS_DIR; };
		B9AACFFB0FF50759C1BEA765 /* Pods-Reddit Walls.release.xcconfig */ = {isa = PBXFileReference; includeInIndex = 1; lastKnownFileType = text.xcconfig; name = "Pods-Reddit Walls.release.xcconfig"; path = "Pods/Target Support Files/Pods-Reddit Walls/Pods-Reddit Walls.release.xcconfig"; sourceTree = "<group>"; };
		CA1025281F876BDD00FFD9D6 /* DataManager.swift */ = {isa = PBXFileReference; fileEncoding = 4; lastKnownFileType = sourcecode.swift; path = DataManager.swift; sourceTree = "<group>"; };
		CA1025291F876BDD00FFD9D6 /* Extensions.swift */ = {isa = PBXFileReference; fileEncoding = 4; lastKnownFileType = sourcecode.swift; path = Extensions.swift; sourceTree = "<group>"; };
		CA10252A1F876BDD00FFD9D6 /* StuffManager.swift */ = {isa = PBXFileReference; fileEncoding = 4; lastKnownFileType = sourcecode.swift; path = StuffManager.swift; sourceTree = "<group>"; };
		CA10252B1F876BDD00FFD9D6 /* SwiftyJSONPaths.swift */ = {isa = PBXFileReference; fileEncoding = 4; lastKnownFileType = sourcecode.swift; path = SwiftyJSONPaths.swift; sourceTree = "<group>"; };
		CA10252C1F876BDD00FFD9D6 /* Wallpaper.swift */ = {isa = PBXFileReference; fileEncoding = 4; lastKnownFileType = sourcecode.swift; path = Wallpaper.swift; sourceTree = "<group>"; };
		CA1025331F876BF900FFD9D6 /* BaseVC.swift */ = {isa = PBXFileReference; fileEncoding = 4; lastKnownFileType = sourcecode.swift; path = BaseVC.swift; sourceTree = "<group>"; };
		CA1025341F876BF900FFD9D6 /* FavoritesVC.swift */ = {isa = PBXFileReference; fileEncoding = 4; lastKnownFileType = sourcecode.swift; path = FavoritesVC.swift; sourceTree = "<group>"; };
		CA1025351F876BF900FFD9D6 /* InformationVC.swift */ = {isa = PBXFileReference; fileEncoding = 4; lastKnownFileType = sourcecode.swift; path = InformationVC.swift; sourceTree = "<group>"; };
		CA1025361F876BF900FFD9D6 /* SelectedWallpaperVC.swift */ = {isa = PBXFileReference; fileEncoding = 4; lastKnownFileType = sourcecode.swift; path = SelectedWallpaperVC.swift; sourceTree = "<group>"; };
		CA1025371F876BF900FFD9D6 /* WallpapersVC.swift */ = {isa = PBXFileReference; fileEncoding = 4; lastKnownFileType = sourcecode.swift; path = WallpapersVC.swift; sourceTree = "<group>"; };
		CA10253F1F876D5000FFD9D6 /* AppDelegate.swift */ = {isa = PBXFileReference; fileEncoding = 4; lastKnownFileType = sourcecode.swift; path = AppDelegate.swift; sourceTree = "<group>"; };
		CA1025411F876D5000FFD9D6 /* Assets.xcassets */ = {isa = PBXFileReference; lastKnownFileType = folder.assetcatalog; path = Assets.xcassets; sourceTree = "<group>"; };
		CA1025421F876D5000FFD9D6 /* Info.plist */ = {isa = PBXFileReference; fileEncoding = 4; lastKnownFileType = text.plist.xml; path = Info.plist; sourceTree = "<group>"; };
		CA1025441F876D5000FFD9D6 /* InformationVC.xib */ = {isa = PBXFileReference; fileEncoding = 4; lastKnownFileType = file.xib; path = InformationVC.xib; sourceTree = "<group>"; };
		CA1025451F876D5000FFD9D6 /* WallpaperCell.swift */ = {isa = PBXFileReference; fileEncoding = 4; lastKnownFileType = sourcecode.swift; path = WallpaperCell.swift; sourceTree = "<group>"; };
		CA10254C1F876D8A00FFD9D6 /* Base */ = {isa = PBXFileReference; lastKnownFileType = file.storyboard; name = Base; path = "Reddit Walls/Base.lproj/Main.storyboard"; sourceTree = SOURCE_ROOT; };
		CA10254E1F876D8A00FFD9D6 /* Base */ = {isa = PBXFileReference; lastKnownFileType = file.storyboard; name = Base; path = "Reddit Walls/Base.lproj/LaunchScreen.storyboard"; sourceTree = SOURCE_ROOT; };
		CA8ECE5DAFE7260F881B7CA2 /* Pods-Reddit Walls.debug.xcconfig */ = {isa = PBXFileReference; includeInIndex = 1; lastKnownFileType = text.xcconfig; name = "Pods-Reddit Walls.debug.xcconfig"; path = "Pods/Target Support Files/Pods-Reddit Walls/Pods-Reddit Walls.debug.xcconfig"; sourceTree = "<group>"; };
		CAC2C42A1E7BE8F1004F6EA1 /* Reddit Walls.app */ = {isa = PBXFileReference; explicitFileType = wrapper.application; includeInIndex = 0; path = "Reddit Walls.app"; sourceTree = BUILT_PRODUCTS_DIR; };
/* End PBXFileReference section */

/* Begin PBXFrameworksBuildPhase section */
		CAC2C4271E7BE8F1004F6EA1 /* Frameworks */ = {
			isa = PBXFrameworksBuildPhase;
			buildActionMask = 2147483647;
			files = (
				891F3A4EAD1FD2B9705909C0 /* Pods_Reddit_Walls.framework in Frameworks */,
			);
			runOnlyForDeploymentPostprocessing = 0;
		};
/* End PBXFrameworksBuildPhase section */

/* Begin PBXGroup section */
		029F577732BF3A778DAC9D2F /* Frameworks */ = {
			isa = PBXGroup;
			children = (
				B01ABD71294A79AEC9425D28 /* Pods_Reddit_Walls.framework */,
			);
			name = Frameworks;
			sourceTree = "<group>";
		};
		CA1025271F876BDD00FFD9D6 /* Models */ = {
			isa = PBXGroup;
			children = (
				CA10252C1F876BDD00FFD9D6 /* Wallpaper.swift */,
				CA1025281F876BDD00FFD9D6 /* DataManager.swift */,
				CA10252A1F876BDD00FFD9D6 /* StuffManager.swift */,
				CA10252B1F876BDD00FFD9D6 /* SwiftyJSONPaths.swift */,
				CA1025291F876BDD00FFD9D6 /* Extensions.swift */,
			);
			path = Models;
			sourceTree = "<group>";
		};
		CA1025321F876BF900FFD9D6 /* Controllers */ = {
			isa = PBXGroup;
			children = (
				CA1025331F876BF900FFD9D6 /* BaseVC.swift */,
				CA1025341F876BF900FFD9D6 /* FavoritesVC.swift */,
				CA1025351F876BF900FFD9D6 /* InformationVC.swift */,
				CA1025361F876BF900FFD9D6 /* SelectedWallpaperVC.swift */,
				CA1025371F876BF900FFD9D6 /* WallpapersVC.swift */,
			);
			path = Controllers;
			sourceTree = "<group>";
		};
		CA1025401F876D5000FFD9D6 /* Support Files */ = {
			isa = PBXGroup;
			children = (
				CA1025421F876D5000FFD9D6 /* Info.plist */,
				CA1025411F876D5000FFD9D6 /* Assets.xcassets */,
			);
			path = "Support Files";
			sourceTree = "<group>";
		};
		CA1025431F876D5000FFD9D6 /* Views */ = {
			isa = PBXGroup;
			children = (
				CA10254B1F876D8A00FFD9D6 /* Main.storyboard */,
				CA1025441F876D5000FFD9D6 /* InformationVC.xib */,
				CA1025451F876D5000FFD9D6 /* WallpaperCell.swift */,
				CA10254D1F876D8A00FFD9D6 /* LaunchScreen.storyboard */,
			);
			path = Views;
			sourceTree = "<group>";
		};
		CAC2C4211E7BE8F1004F6EA1 = {
			isa = PBXGroup;
			children = (
				CAC2C42C1E7BE8F1004F6EA1 /* Reddit Walls */,
				CAC2C42B1E7BE8F1004F6EA1 /* Products */,
				FF3CA68FB6BB4C9BF04AD3DD /* Pods */,
				029F577732BF3A778DAC9D2F /* Frameworks */,
			);
			sourceTree = "<group>";
		};
		CAC2C42B1E7BE8F1004F6EA1 /* Products */ = {
			isa = PBXGroup;
			children = (
				CAC2C42A1E7BE8F1004F6EA1 /* Reddit Walls.app */,
			);
			name = Products;
			sourceTree = "<group>";
		};
		CAC2C42C1E7BE8F1004F6EA1 /* Reddit Walls */ = {
			isa = PBXGroup;
			children = (
				CA10253F1F876D5000FFD9D6 /* AppDelegate.swift */,
				CA1025271F876BDD00FFD9D6 /* Models */,
				CA1025321F876BF900FFD9D6 /* Controllers */,
				CA1025431F876D5000FFD9D6 /* Views */,
				CA1025401F876D5000FFD9D6 /* Support Files */,
			);
			path = "Reddit Walls";
			sourceTree = "<group>";
		};
		FF3CA68FB6BB4C9BF04AD3DD /* Pods */ = {
			isa = PBXGroup;
			children = (
				CA8ECE5DAFE7260F881B7CA2 /* Pods-Reddit Walls.debug.xcconfig */,
				B9AACFFB0FF50759C1BEA765 /* Pods-Reddit Walls.release.xcconfig */,
			);
			name = Pods;
			sourceTree = "<group>";
		};
/* End PBXGroup section */

/* Begin PBXNativeTarget section */
		CAC2C4291E7BE8F1004F6EA1 /* Reddit Walls */ = {
			isa = PBXNativeTarget;
			buildConfigurationList = CAC2C43C1E7BE8F1004F6EA1 /* Build configuration list for PBXNativeTarget "Reddit Walls" */;
			buildPhases = (
				2230633898887532283487A5 /* [CP] Check Pods Manifest.lock */,
				CAC2C4261E7BE8F1004F6EA1 /* Sources */,
				CAC2C4271E7BE8F1004F6EA1 /* Frameworks */,
				CAC2C4281E7BE8F1004F6EA1 /* Resources */,
				37298183BE89911ABBC6959C /* [CP] Embed Pods Frameworks */,
				E37285B74872F495D69237FA /* [CP] Copy Pods Resources */,
			);
			buildRules = (
			);
			dependencies = (
			);
			name = "Reddit Walls";
			productName = "Reddit Walls";
			productReference = CAC2C42A1E7BE8F1004F6EA1 /* Reddit Walls.app */;
			productType = "com.apple.product-type.application";
		};
/* End PBXNativeTarget section */

/* Begin PBXProject section */
		CAC2C4221E7BE8F1004F6EA1 /* Project object */ = {
			isa = PBXProject;
			attributes = {
				LastSwiftUpdateCheck = 0820;
				LastUpgradeCheck = 0900;
				ORGANIZATIONNAME = "Amanuel Ketebo";
				TargetAttributes = {
					CAC2C4291E7BE8F1004F6EA1 = {
						CreatedOnToolsVersion = 8.2.1;
						DevelopmentTeam = 6Z5EK2Z6N5;
						ProvisioningStyle = Automatic;
					};
				};
			};
			buildConfigurationList = CAC2C4251E7BE8F1004F6EA1 /* Build configuration list for PBXProject "Reddit Walls" */;
			compatibilityVersion = "Xcode 3.2";
			developmentRegion = English;
			hasScannedForEncodings = 0;
			knownRegions = (
				en,
				Base,
			);
			mainGroup = CAC2C4211E7BE8F1004F6EA1;
			productRefGroup = CAC2C42B1E7BE8F1004F6EA1 /* Products */;
			projectDirPath = "";
			projectRoot = "";
			targets = (
				CAC2C4291E7BE8F1004F6EA1 /* Reddit Walls */,
			);
		};
/* End PBXProject section */

/* Begin PBXResourcesBuildPhase section */
		CAC2C4281E7BE8F1004F6EA1 /* Resources */ = {
			isa = PBXResourcesBuildPhase;
			buildActionMask = 2147483647;
			files = (
				CA1025491F876D5000FFD9D6 /* InformationVC.xib in Resources */,
				CA1025471F876D5000FFD9D6 /* Assets.xcassets in Resources */,
				CA1025501F876D8A00FFD9D6 /* LaunchScreen.storyboard in Resources */,
				CA10254F1F876D8A00FFD9D6 /* Main.storyboard in Resources */,
			);
			runOnlyForDeploymentPostprocessing = 0;
		};
/* End PBXResourcesBuildPhase section */

/* Begin PBXShellScriptBuildPhase section */
		2230633898887532283487A5 /* [CP] Check Pods Manifest.lock */ = {
			isa = PBXShellScriptBuildPhase;
			buildActionMask = 2147483647;
			files = (
			);
			inputPaths = (
			);
			name = "[CP] Check Pods Manifest.lock";
			outputPaths = (
			);
			runOnlyForDeploymentPostprocessing = 0;
			shellPath = /bin/sh;
			shellScript = "diff \"${PODS_PODFILE_DIR_PATH}/Podfile.lock\" \"${PODS_ROOT}/Manifest.lock\" > /dev/null\nif [ $? != 0 ] ; then\n    # print error to STDERR\n    echo \"error: The sandbox is not in sync with the Podfile.lock. Run 'pod install' or update your CocoaPods installation.\" >&2\n    exit 1\nfi\n";
			showEnvVarsInLog = 0;
		};
		37298183BE89911ABBC6959C /* [CP] Embed Pods Frameworks */ = {
			isa = PBXShellScriptBuildPhase;
			buildActionMask = 2147483647;
			files = (
			);
			inputPaths = (
			);
			name = "[CP] Embed Pods Frameworks";
			outputPaths = (
			);
			runOnlyForDeploymentPostprocessing = 0;
			shellPath = /bin/sh;
			shellScript = "\"${SRCROOT}/Pods/Target Support Files/Pods-Reddit Walls/Pods-Reddit Walls-frameworks.sh\"\n";
			showEnvVarsInLog = 0;
		};
		E37285B74872F495D69237FA /* [CP] Copy Pods Resources */ = {
			isa = PBXShellScriptBuildPhase;
			buildActionMask = 2147483647;
			files = (
			);
			inputPaths = (
			);
			name = "[CP] Copy Pods Resources";
			outputPaths = (
			);
			runOnlyForDeploymentPostprocessing = 0;
			shellPath = /bin/sh;
			shellScript = "\"${SRCROOT}/Pods/Target Support Files/Pods-Reddit Walls/Pods-Reddit Walls-resources.sh\"\n";
			showEnvVarsInLog = 0;
		};
/* End PBXShellScriptBuildPhase section */

/* Begin PBXSourcesBuildPhase section */
		CAC2C4261E7BE8F1004F6EA1 /* Sources */ = {
			isa = PBXSourcesBuildPhase;
			buildActionMask = 2147483647;
			files = (
				CA1025461F876D5000FFD9D6 /* AppDelegate.swift in Sources */,
				CA1025301F876BDD00FFD9D6 /* SwiftyJSONPaths.swift in Sources */,
				CA1025381F876BF900FFD9D6 /* BaseVC.swift in Sources */,
				CA10253B1F876BF900FFD9D6 /* SelectedWallpaperVC.swift in Sources */,
				CA10253C1F876BF900FFD9D6 /* WallpapersVC.swift in Sources */,
				CA10252D1F876BDD00FFD9D6 /* DataManager.swift in Sources */,
				CA10252E1F876BDD00FFD9D6 /* Extensions.swift in Sources */,
				CA1025391F876BF900FFD9D6 /* FavoritesVC.swift in Sources */,
				CA10253A1F876BF900FFD9D6 /* InformationVC.swift in Sources */,
				CA1025311F876BDD00FFD9D6 /* Wallpaper.swift in Sources */,
				CA10254A1F876D5000FFD9D6 /* WallpaperCell.swift in Sources */,
				CA10252F1F876BDD00FFD9D6 /* StuffManager.swift in Sources */,
			);
			runOnlyForDeploymentPostprocessing = 0;
		};
/* End PBXSourcesBuildPhase section */

/* Begin PBXVariantGroup section */
		CA10254B1F876D8A00FFD9D6 /* Main.storyboard */ = {
			isa = PBXVariantGroup;
			children = (
				CA10254C1F876D8A00FFD9D6 /* Base */,
			);
			name = Main.storyboard;
			sourceTree = "<group>";
		};
		CA10254D1F876D8A00FFD9D6 /* LaunchScreen.storyboard */ = {
			isa = PBXVariantGroup;
			children = (
				CA10254E1F876D8A00FFD9D6 /* Base */,
			);
			name = LaunchScreen.storyboard;
			sourceTree = "<group>";
		};
/* End PBXVariantGroup section */

/* Begin XCBuildConfiguration section */
		CAC2C43A1E7BE8F1004F6EA1 /* Debug */ = {
			isa = XCBuildConfiguration;
			buildSettings = {
				ALWAYS_SEARCH_USER_PATHS = NO;
				CLANG_ANALYZER_NONNULL = YES;
				CLANG_CXX_LANGUAGE_STANDARD = "gnu++0x";
				CLANG_CXX_LIBRARY = "libc++";
				CLANG_ENABLE_MODULES = YES;
				CLANG_ENABLE_OBJC_ARC = YES;
				CLANG_WARN_BLOCK_CAPTURE_AUTORELEASING = YES;
				CLANG_WARN_BOOL_CONVERSION = YES;
				CLANG_WARN_COMMA = YES;
				CLANG_WARN_CONSTANT_CONVERSION = YES;
				CLANG_WARN_DIRECT_OBJC_ISA_USAGE = YES_ERROR;
				CLANG_WARN_DOCUMENTATION_COMMENTS = YES;
				CLANG_WARN_EMPTY_BODY = YES;
				CLANG_WARN_ENUM_CONVERSION = YES;
				CLANG_WARN_INFINITE_RECURSION = YES;
				CLANG_WARN_INT_CONVERSION = YES;
				CLANG_WARN_NON_LITERAL_NULL_CONVERSION = YES;
				CLANG_WARN_OBJC_LITERAL_CONVERSION = YES;
				CLANG_WARN_OBJC_ROOT_CLASS = YES_ERROR;
				CLANG_WARN_RANGE_LOOP_ANALYSIS = YES;
				CLANG_WARN_STRICT_PROTOTYPES = YES;
				CLANG_WARN_SUSPICIOUS_MOVE = YES;
				CLANG_WARN_UNREACHABLE_CODE = YES;
				CLANG_WARN__DUPLICATE_METHOD_MATCH = YES;
				"CODE_SIGN_IDENTITY[sdk=iphoneos*]" = "iPhone Developer";
				COPY_PHASE_STRIP = NO;
				DEBUG_INFORMATION_FORMAT = dwarf;
				ENABLE_STRICT_OBJC_MSGSEND = YES;
				ENABLE_TESTABILITY = YES;
				GCC_C_LANGUAGE_STANDARD = gnu99;
				GCC_DYNAMIC_NO_PIC = NO;
				GCC_NO_COMMON_BLOCKS = YES;
				GCC_OPTIMIZATION_LEVEL = 0;
				GCC_PREPROCESSOR_DEFINITIONS = (
					"DEBUG=1",
					"$(inherited)",
				);
				GCC_WARN_64_TO_32_BIT_CONVERSION = YES;
				GCC_WARN_ABOUT_RETURN_TYPE = YES_ERROR;
				GCC_WARN_UNDECLARED_SELECTOR = YES;
				GCC_WARN_UNINITIALIZED_AUTOS = YES_AGGRESSIVE;
				GCC_WARN_UNUSED_FUNCTION = YES;
				GCC_WARN_UNUSED_VARIABLE = YES;
				IPHONEOS_DEPLOYMENT_TARGET = 10.2;
				MTL_ENABLE_DEBUG_INFO = YES;
				ONLY_ACTIVE_ARCH = YES;
				SDKROOT = iphoneos;
				SWIFT_ACTIVE_COMPILATION_CONDITIONS = DEBUG;
				SWIFT_OPTIMIZATION_LEVEL = "-Onone";
				TARGETED_DEVICE_FAMILY = "1,2";
			};
			name = Debug;
		};
		CAC2C43B1E7BE8F1004F6EA1 /* Release */ = {
			isa = XCBuildConfiguration;
			buildSettings = {
				ALWAYS_SEARCH_USER_PATHS = NO;
				CLANG_ANALYZER_NONNULL = YES;
				CLANG_CXX_LANGUAGE_STANDARD = "gnu++0x";
				CLANG_CXX_LIBRARY = "libc++";
				CLANG_ENABLE_MODULES = YES;
				CLANG_ENABLE_OBJC_ARC = YES;
				CLANG_WARN_BLOCK_CAPTURE_AUTORELEASING = YES;
				CLANG_WARN_BOOL_CONVERSION = YES;
				CLANG_WARN_COMMA = YES;
				CLANG_WARN_CONSTANT_CONVERSION = YES;
				CLANG_WARN_DIRECT_OBJC_ISA_USAGE = YES_ERROR;
				CLANG_WARN_DOCUMENTATION_COMMENTS = YES;
				CLANG_WARN_EMPTY_BODY = YES;
				CLANG_WARN_ENUM_CONVERSION = YES;
				CLANG_WARN_INFINITE_RECURSION = YES;
				CLANG_WARN_INT_CONVERSION = YES;
				CLANG_WARN_NON_LITERAL_NULL_CONVERSION = YES;
				CLANG_WARN_OBJC_LITERAL_CONVERSION = YES;
				CLANG_WARN_OBJC_ROOT_CLASS = YES_ERROR;
				CLANG_WARN_RANGE_LOOP_ANALYSIS = YES;
				CLANG_WARN_STRICT_PROTOTYPES = YES;
				CLANG_WARN_SUSPICIOUS_MOVE = YES;
				CLANG_WARN_UNREACHABLE_CODE = YES;
				CLANG_WARN__DUPLICATE_METHOD_MATCH = YES;
				"CODE_SIGN_IDENTITY[sdk=iphoneos*]" = "iPhone Developer";
				COPY_PHASE_STRIP = NO;
				DEBUG_INFORMATION_FORMAT = "dwarf-with-dsym";
				ENABLE_NS_ASSERTIONS = NO;
				ENABLE_STRICT_OBJC_MSGSEND = YES;
				GCC_C_LANGUAGE_STANDARD = gnu99;
				GCC_NO_COMMON_BLOCKS = YES;
				GCC_WARN_64_TO_32_BIT_CONVERSION = YES;
				GCC_WARN_ABOUT_RETURN_TYPE = YES_ERROR;
				GCC_WARN_UNDECLARED_SELECTOR = YES;
				GCC_WARN_UNINITIALIZED_AUTOS = YES_AGGRESSIVE;
				GCC_WARN_UNUSED_FUNCTION = YES;
				GCC_WARN_UNUSED_VARIABLE = YES;
				IPHONEOS_DEPLOYMENT_TARGET = 10.2;
				MTL_ENABLE_DEBUG_INFO = NO;
				SDKROOT = iphoneos;
				SWIFT_OPTIMIZATION_LEVEL = "-Owholemodule";
				TARGETED_DEVICE_FAMILY = "1,2";
				VALIDATE_PRODUCT = YES;
			};
			name = Release;
		};
		CAC2C43D1E7BE8F1004F6EA1 /* Debug */ = {
			isa = XCBuildConfiguration;
			baseConfigurationReference = CA8ECE5DAFE7260F881B7CA2 /* Pods-Reddit Walls.debug.xcconfig */;
			buildSettings = {
				ASSETCATALOG_COMPILER_APPICON_NAME = AppIcon;
				DEVELOPMENT_TEAM = 6Z5EK2Z6N5;
				INFOPLIST_FILE = "Reddit Walls/Support Files/Info.plist";
				LD_RUNPATH_SEARCH_PATHS = "$(inherited) @executable_path/Frameworks";
				PRODUCT_BUNDLE_IDENTIFIER = "edu.unlv.keteboa.Reddit-Walls";
				PRODUCT_NAME = "$(TARGET_NAME)";
				SWIFT_VERSION = 3.0;
			};
			name = Debug;
		};
		CAC2C43E1E7BE8F1004F6EA1 /* Release */ = {
			isa = XCBuildConfiguration;
			baseConfigurationReference = B9AACFFB0FF50759C1BEA765 /* Pods-Reddit Walls.release.xcconfig */;
			buildSettings = {
				ASSETCATALOG_COMPILER_APPICON_NAME = AppIcon;
				DEVELOPMENT_TEAM = 6Z5EK2Z6N5;
				INFOPLIST_FILE = "Reddit Walls/Support Files/Info.plist";
				LD_RUNPATH_SEARCH_PATHS = "$(inherited) @executable_path/Frameworks";
				PRODUCT_BUNDLE_IDENTIFIER = "edu.unlv.keteboa.Reddit-Walls";
				PRODUCT_NAME = "$(TARGET_NAME)";
				SWIFT_VERSION = 3.0;
			};
			name = Release;
		};
/* End XCBuildConfiguration section */

/* Begin XCConfigurationList section */
		CAC2C4251E7BE8F1004F6EA1 /* Build configuration list for PBXProject "Reddit Walls" */ = {
			isa = XCConfigurationList;
			buildConfigurations = (
				CAC2C43A1E7BE8F1004F6EA1 /* Debug */,
				CAC2C43B1E7BE8F1004F6EA1 /* Release */,
			);
			defaultConfigurationIsVisible = 0;
			defaultConfigurationName = Release;
		};
		CAC2C43C1E7BE8F1004F6EA1 /* Build configuration list for PBXNativeTarget "Reddit Walls" */ = {
			isa = XCConfigurationList;
			buildConfigurations = (
				CAC2C43D1E7BE8F1004F6EA1 /* Debug */,
				CAC2C43E1E7BE8F1004F6EA1 /* Release */,
			);
			defaultConfigurationIsVisible = 0;
			defaultConfigurationName = Release;
		};
/* End XCConfigurationList section */
	};
	rootObject = CAC2C4221E7BE8F1004F6EA1 /* Project object */;
}
