// !$*UTF8*$!
{
	archiveVersion = 1;
	classes = {
	};
	objectVersion = 46;
	objects = {

/* Begin PBXBuildFile section */
		CA10252D1F876BDD00FFD9D6 /* WallpaperRequester.swift in Sources */ = {isa = PBXBuildFile; fileRef = CA1025281F876BDD00FFD9D6 /* WallpaperRequester.swift */; };
		CA10252E1F876BDD00FFD9D6 /* Extensions.swift in Sources */ = {isa = PBXBuildFile; fileRef = CA1025291F876BDD00FFD9D6 /* Extensions.swift */; };
		CA10252F1F876BDD00FFD9D6 /* FavoritesManager.swift in Sources */ = {isa = PBXBuildFile; fileRef = CA10252A1F876BDD00FFD9D6 /* FavoritesManager.swift */; };
		CA1025301F876BDD00FFD9D6 /* WallpapersAPIResponse.swift in Sources */ = {isa = PBXBuildFile; fileRef = CA10252B1F876BDD00FFD9D6 /* WallpapersAPIResponse.swift */; };
		CA1025311F876BDD00FFD9D6 /* Wallpaper.swift in Sources */ = {isa = PBXBuildFile; fileRef = CA10252C1F876BDD00FFD9D6 /* Wallpaper.swift */; };
		CA1025381F876BF900FFD9D6 /* BaseVC.swift in Sources */ = {isa = PBXBuildFile; fileRef = CA1025331F876BF900FFD9D6 /* BaseVC.swift */; };
		CA1025391F876BF900FFD9D6 /* FavoritesVC.swift in Sources */ = {isa = PBXBuildFile; fileRef = CA1025341F876BF900FFD9D6 /* FavoritesVC.swift */; };
		CA10253A1F876BF900FFD9D6 /* InformationVC.swift in Sources */ = {isa = PBXBuildFile; fileRef = CA1025351F876BF900FFD9D6 /* InformationVC.swift */; };
		CA10253B1F876BF900FFD9D6 /* SelectedWallpaperVC.swift in Sources */ = {isa = PBXBuildFile; fileRef = CA1025361F876BF900FFD9D6 /* SelectedWallpaperVC.swift */; };
		CA10253C1F876BF900FFD9D6 /* WallpapersVC.swift in Sources */ = {isa = PBXBuildFile; fileRef = CA1025371F876BF900FFD9D6 /* WallpapersVC.swift */; };
		CA1025461F876D5000FFD9D6 /* AppDelegate.swift in Sources */ = {isa = PBXBuildFile; fileRef = CA10253F1F876D5000FFD9D6 /* AppDelegate.swift */; };
		CA1025471F876D5000FFD9D6 /* Assets.xcassets in Resources */ = {isa = PBXBuildFile; fileRef = CA1025411F876D5000FFD9D6 /* Assets.xcassets */; };
		CA1025491F876D5000FFD9D6 /* InformationVC.xib in Resources */ = {isa = PBXBuildFile; fileRef = CA1025441F876D5000FFD9D6 /* InformationVC.xib */; };
		CA10254A1F876D5000FFD9D6 /* WallpaperCell.swift in Sources */ = {isa = PBXBuildFile; fileRef = CA1025451F876D5000FFD9D6 /* WallpaperCell.swift */; };
		CA10254F1F876D8A00FFD9D6 /* Main.storyboard in Resources */ = {isa = PBXBuildFile; fileRef = CA10254B1F876D8A00FFD9D6 /* Main.storyboard */; };
		CA1025501F876D8A00FFD9D6 /* LaunchScreen.storyboard in Resources */ = {isa = PBXBuildFile; fileRef = CA10254D1F876D8A00FFD9D6 /* LaunchScreen.storyboard */; };
		CA11D8601FF4ACE700430D86 /* SelectedWallpaper.storyboard in Resources */ = {isa = PBXBuildFile; fileRef = CA11D85F1FF4ACE700430D86 /* SelectedWallpaper.storyboard */; };
		CA1266652082E34F00AD4FF9 /* LoadingCell.swift in Sources */ = {isa = PBXBuildFile; fileRef = CA1266642082E34F00AD4FF9 /* LoadingCell.swift */; };
		CA1266672083032300AD4FF9 /* RedditsView.swift in Sources */ = {isa = PBXBuildFile; fileRef = CA1266662083032300AD4FF9 /* RedditsView.swift */; };
		CA126670208344A900AD4FF9 /* NoFavoritesCell.swift in Sources */ = {isa = PBXBuildFile; fileRef = CA12666F208344A900AD4FF9 /* NoFavoritesCell.swift */; };
		CA2E31411FF6048A00573790 /* CustomSaveToCameraRollActivity.swift in Sources */ = {isa = PBXBuildFile; fileRef = CA2E31401FF6048A00573790 /* CustomSaveToCameraRollActivity.swift */; };
		CA3D6C4F24259906001A19EE /* WallpaperService.swift in Sources */ = {isa = PBXBuildFile; fileRef = CA3D6C4E24259906001A19EE /* WallpaperService.swift */; };
		CA3D6C5124259940001A19EE /* APIServiceError.swift in Sources */ = {isa = PBXBuildFile; fileRef = CA3D6C5024259940001A19EE /* APIServiceError.swift */; };
		CA3D6C532425CC25001A19EE /* WallpaperFetcher.swift in Sources */ = {isa = PBXBuildFile; fileRef = CA3D6C522425CC25001A19EE /* WallpaperFetcher.swift */; };
		CA3D6C552426C1EB001A19EE /* WallpapersResponse.swift in Sources */ = {isa = PBXBuildFile; fileRef = CA3D6C542426C1EB001A19EE /* WallpapersResponse.swift */; };
		CA3D6C572426DF32001A19EE /* FavoritesManagerV2.swift in Sources */ = {isa = PBXBuildFile; fileRef = CA3D6C562426DF32001A19EE /* FavoritesManagerV2.swift */; };
		CA3D6C592426E2FD001A19EE /* FavoritesSaver.swift in Sources */ = {isa = PBXBuildFile; fileRef = CA3D6C582426E2FD001A19EE /* FavoritesSaver.swift */; };
		CA3EADC7229A667300440239 /* Resolutions.swift in Sources */ = {isa = PBXBuildFile; fileRef = CA3EADC6229A667300440239 /* Resolutions.swift */; };
		CA42A7601FF4D5A0005EE3D5 /* Dimension.swift in Sources */ = {isa = PBXBuildFile; fileRef = CA42A75F1FF4D5A0005EE3D5 /* Dimension.swift */; };
		CA4F3E05203AAD8800B82A56 /* Theme.swift in Sources */ = {isa = PBXBuildFile; fileRef = CA4F3E04203AAD8800B82A56 /* Theme.swift */; };
		CA5A515920A12BB1009521B3 /* SnapshotTest.swift in Sources */ = {isa = PBXBuildFile; fileRef = CA5A515820A12BB1009521B3 /* SnapshotTest.swift */; };
		CA5A516120A12CD9009521B3 /* SnapshotHelper.swift in Sources */ = {isa = PBXBuildFile; fileRef = CA5A516020A12CD9009521B3 /* SnapshotHelper.swift */; };
		CA67F09C229B14200062313C /* URLSessionExtension.swift in Sources */ = {isa = PBXBuildFile; fileRef = CA67F09B229B14200062313C /* URLSessionExtension.swift */; };
		CA6EAEC8208442FA005EEFB2 /* RedditsVC.swift in Sources */ = {isa = PBXBuildFile; fileRef = CA6EAEC7208442FA005EEFB2 /* RedditsVC.swift */; };
		CA6EAECC20844EE8005EEFB2 /* WallpapersVC.storyboard in Resources */ = {isa = PBXBuildFile; fileRef = CA6EAECB20844EE8005EEFB2 /* WallpapersVC.storyboard */; };
		CA8B4B58202798180006127D /* ThemeCell.swift in Sources */ = {isa = PBXBuildFile; fileRef = CA8B4B57202798180006127D /* ThemeCell.swift */; };
		CA90B8F52299D4FB00B1BA10 /* RedditError.swift in Sources */ = {isa = PBXBuildFile; fileRef = CA90B8F42299D4FB00B1BA10 /* RedditError.swift */; };
		CA941E52212E839900A6C505 /* WallpapersDelegate.swift in Sources */ = {isa = PBXBuildFile; fileRef = CA941E51212E839900A6C505 /* WallpapersDelegate.swift */; };
		CA997D8921190DFC0062562A /* Alert.swift in Sources */ = {isa = PBXBuildFile; fileRef = CA997D8821190DFC0062562A /* Alert.swift */; };
		CABC193520A62C3C00496056 /* WallpaperTests.swift in Sources */ = {isa = PBXBuildFile; fileRef = CABC193420A62C3C00496056 /* WallpaperTests.swift */; };
		CACE30BC201A669400358747 /* SettingsVC.swift in Sources */ = {isa = PBXBuildFile; fileRef = CACE30BB201A669400358747 /* SettingsVC.swift */; };
		CAF609E4212E194F00A7C2BF /* WallpapersDataSource.swift in Sources */ = {isa = PBXBuildFile; fileRef = CAF609E3212E194F00A7C2BF /* WallpapersDataSource.swift */; };
		CAFCCB84212CB70F0053A1BB /* RedditWalls.xcdatamodeld in Sources */ = {isa = PBXBuildFile; fileRef = CAFCCB82212CB70F0053A1BB /* RedditWalls.xcdatamodeld */; };
		CAFCCB87212CBCD10053A1BB /* FavoriteWallpaper.swift in Sources */ = {isa = PBXBuildFile; fileRef = CAFCCB85212CBCD10053A1BB /* FavoriteWallpaper.swift */; };
/* End PBXBuildFile section */

/* Begin PBXContainerItemProxy section */
		CA5A515B20A12BB1009521B3 /* PBXContainerItemProxy */ = {
			isa = PBXContainerItemProxy;
			containerPortal = CAC2C4221E7BE8F1004F6EA1 /* Project object */;
			proxyType = 1;
			remoteGlobalIDString = CAC2C4291E7BE8F1004F6EA1;
			remoteInfo = "Reddit Walls";
		};
		CABC192F20A61EB100496056 /* PBXContainerItemProxy */ = {
			isa = PBXContainerItemProxy;
			containerPortal = CAC2C4221E7BE8F1004F6EA1 /* Project object */;
			proxyType = 1;
			remoteGlobalIDString = CAC2C4291E7BE8F1004F6EA1;
			remoteInfo = "Reddit Walls";
		};
/* End PBXContainerItemProxy section */

/* Begin PBXFileReference section */
		CA1025281F876BDD00FFD9D6 /* WallpaperRequester.swift */ = {isa = PBXFileReference; fileEncoding = 4; lastKnownFileType = sourcecode.swift; path = WallpaperRequester.swift; sourceTree = "<group>"; };
		CA1025291F876BDD00FFD9D6 /* Extensions.swift */ = {isa = PBXFileReference; fileEncoding = 4; lastKnownFileType = sourcecode.swift; path = Extensions.swift; sourceTree = "<group>"; };
		CA10252A1F876BDD00FFD9D6 /* FavoritesManager.swift */ = {isa = PBXFileReference; fileEncoding = 4; lastKnownFileType = sourcecode.swift; path = FavoritesManager.swift; sourceTree = "<group>"; };
		CA10252B1F876BDD00FFD9D6 /* WallpapersAPIResponse.swift */ = {isa = PBXFileReference; fileEncoding = 4; lastKnownFileType = sourcecode.swift; path = WallpapersAPIResponse.swift; sourceTree = "<group>"; };
		CA10252C1F876BDD00FFD9D6 /* Wallpaper.swift */ = {isa = PBXFileReference; fileEncoding = 4; lastKnownFileType = sourcecode.swift; path = Wallpaper.swift; sourceTree = "<group>"; };
		CA1025331F876BF900FFD9D6 /* BaseVC.swift */ = {isa = PBXFileReference; fileEncoding = 4; lastKnownFileType = sourcecode.swift; path = BaseVC.swift; sourceTree = "<group>"; };
		CA1025341F876BF900FFD9D6 /* FavoritesVC.swift */ = {isa = PBXFileReference; fileEncoding = 4; lastKnownFileType = sourcecode.swift; path = FavoritesVC.swift; sourceTree = "<group>"; };
		CA1025351F876BF900FFD9D6 /* InformationVC.swift */ = {isa = PBXFileReference; fileEncoding = 4; lastKnownFileType = sourcecode.swift; path = InformationVC.swift; sourceTree = "<group>"; };
		CA1025361F876BF900FFD9D6 /* SelectedWallpaperVC.swift */ = {isa = PBXFileReference; fileEncoding = 4; lastKnownFileType = sourcecode.swift; path = SelectedWallpaperVC.swift; sourceTree = "<group>"; };
		CA1025371F876BF900FFD9D6 /* WallpapersVC.swift */ = {isa = PBXFileReference; fileEncoding = 4; lastKnownFileType = sourcecode.swift; path = WallpapersVC.swift; sourceTree = "<group>"; };
		CA10253F1F876D5000FFD9D6 /* AppDelegate.swift */ = {isa = PBXFileReference; fileEncoding = 4; lastKnownFileType = sourcecode.swift; path = AppDelegate.swift; sourceTree = "<group>"; };
		CA1025411F876D5000FFD9D6 /* Assets.xcassets */ = {isa = PBXFileReference; lastKnownFileType = folder.assetcatalog; path = Assets.xcassets; sourceTree = "<group>"; };
		CA1025421F876D5000FFD9D6 /* Info.plist */ = {isa = PBXFileReference; fileEncoding = 4; lastKnownFileType = text.plist.xml; path = Info.plist; sourceTree = "<group>"; };
		CA1025441F876D5000FFD9D6 /* InformationVC.xib */ = {isa = PBXFileReference; fileEncoding = 4; lastKnownFileType = file.xib; path = InformationVC.xib; sourceTree = "<group>"; };
		CA1025451F876D5000FFD9D6 /* WallpaperCell.swift */ = {isa = PBXFileReference; fileEncoding = 4; lastKnownFileType = sourcecode.swift; path = WallpaperCell.swift; sourceTree = "<group>"; };
		CA10254C1F876D8A00FFD9D6 /* Base */ = {isa = PBXFileReference; lastKnownFileType = file.storyboard; name = Base; path = "Reddit Walls/Base.lproj/Main.storyboard"; sourceTree = SOURCE_ROOT; };
		CA10254E1F876D8A00FFD9D6 /* Base */ = {isa = PBXFileReference; lastKnownFileType = file.storyboard; name = Base; path = "Reddit Walls/Base.lproj/LaunchScreen.storyboard"; sourceTree = SOURCE_ROOT; };
		CA11D85F1FF4ACE700430D86 /* SelectedWallpaper.storyboard */ = {isa = PBXFileReference; lastKnownFileType = file.storyboard; path = SelectedWallpaper.storyboard; sourceTree = "<group>"; };
		CA1266642082E34F00AD4FF9 /* LoadingCell.swift */ = {isa = PBXFileReference; lastKnownFileType = sourcecode.swift; path = LoadingCell.swift; sourceTree = "<group>"; };
		CA1266662083032300AD4FF9 /* RedditsView.swift */ = {isa = PBXFileReference; lastKnownFileType = sourcecode.swift; path = RedditsView.swift; sourceTree = "<group>"; };
		CA12666F208344A900AD4FF9 /* NoFavoritesCell.swift */ = {isa = PBXFileReference; lastKnownFileType = sourcecode.swift; path = NoFavoritesCell.swift; sourceTree = "<group>"; };
		CA2E31401FF6048A00573790 /* CustomSaveToCameraRollActivity.swift */ = {isa = PBXFileReference; lastKnownFileType = sourcecode.swift; path = CustomSaveToCameraRollActivity.swift; sourceTree = "<group>"; };
		CA3D6C4E24259906001A19EE /* WallpaperService.swift */ = {isa = PBXFileReference; lastKnownFileType = sourcecode.swift; path = WallpaperService.swift; sourceTree = "<group>"; };
		CA3D6C5024259940001A19EE /* APIServiceError.swift */ = {isa = PBXFileReference; lastKnownFileType = sourcecode.swift; path = APIServiceError.swift; sourceTree = "<group>"; };
		CA3D6C522425CC25001A19EE /* WallpaperFetcher.swift */ = {isa = PBXFileReference; lastKnownFileType = sourcecode.swift; path = WallpaperFetcher.swift; sourceTree = "<group>"; };
		CA3D6C542426C1EB001A19EE /* WallpapersResponse.swift */ = {isa = PBXFileReference; lastKnownFileType = sourcecode.swift; path = WallpapersResponse.swift; sourceTree = "<group>"; };
		CA3D6C562426DF32001A19EE /* FavoritesManagerV2.swift */ = {isa = PBXFileReference; lastKnownFileType = sourcecode.swift; path = FavoritesManagerV2.swift; sourceTree = "<group>"; };
		CA3D6C582426E2FD001A19EE /* FavoritesSaver.swift */ = {isa = PBXFileReference; lastKnownFileType = sourcecode.swift; path = FavoritesSaver.swift; sourceTree = "<group>"; };
		CA3EADC6229A667300440239 /* Resolutions.swift */ = {isa = PBXFileReference; lastKnownFileType = sourcecode.swift; path = Resolutions.swift; sourceTree = "<group>"; };
		CA42A75F1FF4D5A0005EE3D5 /* Dimension.swift */ = {isa = PBXFileReference; lastKnownFileType = sourcecode.swift; path = Dimension.swift; sourceTree = "<group>"; };
		CA4F3E04203AAD8800B82A56 /* Theme.swift */ = {isa = PBXFileReference; lastKnownFileType = sourcecode.swift; path = Theme.swift; sourceTree = "<group>"; };
		CA5A515620A12BB1009521B3 /* RedditWallsUITests.xctest */ = {isa = PBXFileReference; explicitFileType = wrapper.cfbundle; includeInIndex = 0; path = RedditWallsUITests.xctest; sourceTree = BUILT_PRODUCTS_DIR; };
		CA5A515820A12BB1009521B3 /* SnapshotTest.swift */ = {isa = PBXFileReference; lastKnownFileType = sourcecode.swift; path = SnapshotTest.swift; sourceTree = "<group>"; };
		CA5A515A20A12BB1009521B3 /* Info.plist */ = {isa = PBXFileReference; lastKnownFileType = text.plist.xml; path = Info.plist; sourceTree = "<group>"; };
		CA5A516020A12CD9009521B3 /* SnapshotHelper.swift */ = {isa = PBXFileReference; fileEncoding = 4; lastKnownFileType = sourcecode.swift; name = SnapshotHelper.swift; path = fastlane/SnapshotHelper.swift; sourceTree = SOURCE_ROOT; };
		CA67F09B229B14200062313C /* URLSessionExtension.swift */ = {isa = PBXFileReference; lastKnownFileType = sourcecode.swift; path = URLSessionExtension.swift; sourceTree = "<group>"; };
		CA6EAEC7208442FA005EEFB2 /* RedditsVC.swift */ = {isa = PBXFileReference; lastKnownFileType = sourcecode.swift; path = RedditsVC.swift; sourceTree = "<group>"; };
		CA6EAECB20844EE8005EEFB2 /* WallpapersVC.storyboard */ = {isa = PBXFileReference; lastKnownFileType = file.storyboard; path = WallpapersVC.storyboard; sourceTree = "<group>"; };
		CA8B4B57202798180006127D /* ThemeCell.swift */ = {isa = PBXFileReference; lastKnownFileType = sourcecode.swift; path = ThemeCell.swift; sourceTree = "<group>"; };
		CA90B8F42299D4FB00B1BA10 /* RedditError.swift */ = {isa = PBXFileReference; lastKnownFileType = sourcecode.swift; path = RedditError.swift; sourceTree = "<group>"; };
		CA941E51212E839900A6C505 /* WallpapersDelegate.swift */ = {isa = PBXFileReference; lastKnownFileType = sourcecode.swift; path = WallpapersDelegate.swift; sourceTree = "<group>"; };
		CA997D8821190DFC0062562A /* Alert.swift */ = {isa = PBXFileReference; lastKnownFileType = sourcecode.swift; path = Alert.swift; sourceTree = "<group>"; };
		CABC192A20A61EB100496056 /* RedditWallsUnitTests.xctest */ = {isa = PBXFileReference; explicitFileType = wrapper.cfbundle; includeInIndex = 0; path = RedditWallsUnitTests.xctest; sourceTree = BUILT_PRODUCTS_DIR; };
		CABC192E20A61EB100496056 /* Info.plist */ = {isa = PBXFileReference; lastKnownFileType = text.plist.xml; path = Info.plist; sourceTree = "<group>"; };
		CABC193420A62C3C00496056 /* WallpaperTests.swift */ = {isa = PBXFileReference; lastKnownFileType = sourcecode.swift; path = WallpaperTests.swift; sourceTree = "<group>"; };
		CAC2C42A1E7BE8F1004F6EA1 /* Reddit Walls.app */ = {isa = PBXFileReference; explicitFileType = wrapper.application; includeInIndex = 0; path = "Reddit Walls.app"; sourceTree = BUILT_PRODUCTS_DIR; };
		CACE30BB201A669400358747 /* SettingsVC.swift */ = {isa = PBXFileReference; lastKnownFileType = sourcecode.swift; path = SettingsVC.swift; sourceTree = "<group>"; };
		CAF609E3212E194F00A7C2BF /* WallpapersDataSource.swift */ = {isa = PBXFileReference; lastKnownFileType = sourcecode.swift; path = WallpapersDataSource.swift; sourceTree = "<group>"; };
		CAFCCB83212CB70F0053A1BB /* RedditWalls.xcdatamodel */ = {isa = PBXFileReference; lastKnownFileType = wrapper.xcdatamodel; path = RedditWalls.xcdatamodel; sourceTree = "<group>"; };
		CAFCCB85212CBCD10053A1BB /* FavoriteWallpaper.swift */ = {isa = PBXFileReference; lastKnownFileType = sourcecode.swift; path = FavoriteWallpaper.swift; sourceTree = "<group>"; };
/* End PBXFileReference section */

/* Begin PBXFrameworksBuildPhase section */
		CA5A515320A12BB1009521B3 /* Frameworks */ = {
			isa = PBXFrameworksBuildPhase;
			buildActionMask = 2147483647;
			files = (
			);
			runOnlyForDeploymentPostprocessing = 0;
		};
		CABC192720A61EB100496056 /* Frameworks */ = {
			isa = PBXFrameworksBuildPhase;
			buildActionMask = 2147483647;
			files = (
			);
			runOnlyForDeploymentPostprocessing = 0;
		};
		CAC2C4271E7BE8F1004F6EA1 /* Frameworks */ = {
			isa = PBXFrameworksBuildPhase;
			buildActionMask = 2147483647;
			files = (
			);
			runOnlyForDeploymentPostprocessing = 0;
		};
/* End PBXFrameworksBuildPhase section */

/* Begin PBXGroup section */
		CA1025271F876BDD00FFD9D6 /* Models */ = {
			isa = PBXGroup;
			children = (
				CA3EADC8229A6DBB00440239 /* Wallpaper */,
				CA3EADC9229A6E1D00440239 /* Networking */,
				CAF609E3212E194F00A7C2BF /* WallpapersDataSource.swift */,
				CA941E51212E839900A6C505 /* WallpapersDelegate.swift */,
				CA4F3E04203AAD8800B82A56 /* Theme.swift */,
				CA3D6C582426E2FD001A19EE /* FavoritesSaver.swift */,
				CA3D6C562426DF32001A19EE /* FavoritesManagerV2.swift */,
				CA10252A1F876BDD00FFD9D6 /* FavoritesManager.swift */,
				CA1266662083032300AD4FF9 /* RedditsView.swift */,
				CA42A75F1FF4D5A0005EE3D5 /* Dimension.swift */,
				CA1025291F876BDD00FFD9D6 /* Extensions.swift */,
				CA997D8821190DFC0062562A /* Alert.swift */,
				CA12666E2083447500AD4FF9 /* Cells */,
				CA2E31401FF6048A00573790 /* CustomSaveToCameraRollActivity.swift */,
				CA90B8F62299D53F00B1BA10 /* Error */,
				CAFCCB89212CBD400053A1BB /* Core Data */,
			);
			path = Models;
			sourceTree = "<group>";
		};
		CA1025321F876BF900FFD9D6 /* Controllers */ = {
			isa = PBXGroup;
			children = (
				CA6EAEC7208442FA005EEFB2 /* RedditsVC.swift */,
				CA1025371F876BF900FFD9D6 /* WallpapersVC.swift */,
				CA1025361F876BF900FFD9D6 /* SelectedWallpaperVC.swift */,
				CA1025331F876BF900FFD9D6 /* BaseVC.swift */,
				CA1025341F876BF900FFD9D6 /* FavoritesVC.swift */,
				CACE30BB201A669400358747 /* SettingsVC.swift */,
				CA1025351F876BF900FFD9D6 /* InformationVC.swift */,
			);
			path = Controllers;
			sourceTree = "<group>";
		};
		CA1025401F876D5000FFD9D6 /* Support Files */ = {
			isa = PBXGroup;
			children = (
				CA1025421F876D5000FFD9D6 /* Info.plist */,
				CA1025411F876D5000FFD9D6 /* Assets.xcassets */,
			);
			path = "Support Files";
			sourceTree = "<group>";
		};
		CA1025431F876D5000FFD9D6 /* Views */ = {
			isa = PBXGroup;
			children = (
				CA10254B1F876D8A00FFD9D6 /* Main.storyboard */,
				CA11D85F1FF4ACE700430D86 /* SelectedWallpaper.storyboard */,
				CA6EAECB20844EE8005EEFB2 /* WallpapersVC.storyboard */,
				CA1025441F876D5000FFD9D6 /* InformationVC.xib */,
				CA10254D1F876D8A00FFD9D6 /* LaunchScreen.storyboard */,
			);
			path = Views;
			sourceTree = "<group>";
		};
		CA12666E2083447500AD4FF9 /* Cells */ = {
			isa = PBXGroup;
			children = (
				CA1025451F876D5000FFD9D6 /* WallpaperCell.swift */,
				CA1266642082E34F00AD4FF9 /* LoadingCell.swift */,
				CA12666F208344A900AD4FF9 /* NoFavoritesCell.swift */,
				CA8B4B57202798180006127D /* ThemeCell.swift */,
			);
			path = Cells;
			sourceTree = "<group>";
		};
		CA3EADC8229A6DBB00440239 /* Wallpaper */ = {
			isa = PBXGroup;
			children = (
				CA10252C1F876BDD00FFD9D6 /* Wallpaper.swift */,
				CA3EADC6229A667300440239 /* Resolutions.swift */,
			);
			path = Wallpaper;
			sourceTree = "<group>";
		};
		CA3EADC9229A6E1D00440239 /* Networking */ = {
			isa = PBXGroup;
			children = (
				CA3D6C4E24259906001A19EE /* WallpaperService.swift */,
				CA3D6C522425CC25001A19EE /* WallpaperFetcher.swift */,
				CA3D6C5024259940001A19EE /* APIServiceError.swift */,
				CA10252B1F876BDD00FFD9D6 /* WallpapersAPIResponse.swift */,
				CA3D6C542426C1EB001A19EE /* WallpapersResponse.swift */,
				CA1025281F876BDD00FFD9D6 /* WallpaperRequester.swift */,
				CA67F09B229B14200062313C /* URLSessionExtension.swift */,
			);
			path = Networking;
			sourceTree = "<group>";
		};
		CA5A515720A12BB1009521B3 /* RedditWallsUITests */ = {
			isa = PBXGroup;
			children = (
				CA5A516020A12CD9009521B3 /* SnapshotHelper.swift */,
				CA5A515820A12BB1009521B3 /* SnapshotTest.swift */,
				CA5A515A20A12BB1009521B3 /* Info.plist */,
			);
			path = RedditWallsUITests;
			sourceTree = "<group>";
		};
		CA90B8F62299D53F00B1BA10 /* Error */ = {
			isa = PBXGroup;
			children = (
				CA90B8F42299D4FB00B1BA10 /* RedditError.swift */,
			);
			path = Error;
			sourceTree = "<group>";
		};
		CABC192B20A61EB100496056 /* RedditWallsUnitTests */ = {
			isa = PBXGroup;
			children = (
				CABC193420A62C3C00496056 /* WallpaperTests.swift */,
				CABC192E20A61EB100496056 /* Info.plist */,
			);
			path = RedditWallsUnitTests;
			sourceTree = "<group>";
		};
		CAC2C4211E7BE8F1004F6EA1 = {
			isa = PBXGroup;
			children = (
				CAC2C42C1E7BE8F1004F6EA1 /* Reddit Walls */,
				CABC192B20A61EB100496056 /* RedditWallsUnitTests */,
				CA5A515720A12BB1009521B3 /* RedditWallsUITests */,
				CAC2C42B1E7BE8F1004F6EA1 /* Products */,
			);
			sourceTree = "<group>";
		};
		CAC2C42B1E7BE8F1004F6EA1 /* Products */ = {
			isa = PBXGroup;
			children = (
				CAC2C42A1E7BE8F1004F6EA1 /* Reddit Walls.app */,
				CA5A515620A12BB1009521B3 /* RedditWallsUITests.xctest */,
				CABC192A20A61EB100496056 /* RedditWallsUnitTests.xctest */,
			);
			name = Products;
			sourceTree = "<group>";
		};
		CAC2C42C1E7BE8F1004F6EA1 /* Reddit Walls */ = {
			isa = PBXGroup;
			children = (
				CA10253F1F876D5000FFD9D6 /* AppDelegate.swift */,
				CA1025271F876BDD00FFD9D6 /* Models */,
				CA1025321F876BF900FFD9D6 /* Controllers */,
				CA1025431F876D5000FFD9D6 /* Views */,
				CA1025401F876D5000FFD9D6 /* Support Files */,
			);
			path = "Reddit Walls";
			sourceTree = "<group>";
		};
		CAFCCB89212CBD400053A1BB /* Core Data */ = {
			isa = PBXGroup;
			children = (
				CAFCCB85212CBCD10053A1BB /* FavoriteWallpaper.swift */,
				CAFCCB82212CB70F0053A1BB /* RedditWalls.xcdatamodeld */,
			);
			path = "Core Data";
			sourceTree = "<group>";
		};
/* End PBXGroup section */

/* Begin PBXNativeTarget section */
		CA5A515520A12BB1009521B3 /* RedditWallsUITests */ = {
			isa = PBXNativeTarget;
			buildConfigurationList = CA5A515F20A12BB1009521B3 /* Build configuration list for PBXNativeTarget "RedditWallsUITests" */;
			buildPhases = (
				CA5A515220A12BB1009521B3 /* Sources */,
				CA5A515320A12BB1009521B3 /* Frameworks */,
				CA5A515420A12BB1009521B3 /* Resources */,
			);
			buildRules = (
			);
			dependencies = (
				CA5A515C20A12BB1009521B3 /* PBXTargetDependency */,
			);
			name = RedditWallsUITests;
			productName = RedditWallsUITests;
			productReference = CA5A515620A12BB1009521B3 /* RedditWallsUITests.xctest */;
			productType = "com.apple.product-type.bundle.ui-testing";
		};
		CABC192920A61EB100496056 /* RedditWallsUnitTests */ = {
			isa = PBXNativeTarget;
			buildConfigurationList = CABC193320A61EB100496056 /* Build configuration list for PBXNativeTarget "RedditWallsUnitTests" */;
			buildPhases = (
				CABC192620A61EB100496056 /* Sources */,
				CABC192720A61EB100496056 /* Frameworks */,
				CABC192820A61EB100496056 /* Resources */,
			);
			buildRules = (
			);
			dependencies = (
				CABC193020A61EB100496056 /* PBXTargetDependency */,
			);
			name = RedditWallsUnitTests;
			productName = RedditWallsUnitTests;
			productReference = CABC192A20A61EB100496056 /* RedditWallsUnitTests.xctest */;
			productType = "com.apple.product-type.bundle.unit-test";
		};
		CAC2C4291E7BE8F1004F6EA1 /* Reddit Walls */ = {
			isa = PBXNativeTarget;
			buildConfigurationList = CAC2C43C1E7BE8F1004F6EA1 /* Build configuration list for PBXNativeTarget "Reddit Walls" */;
			buildPhases = (
				CAC2C4261E7BE8F1004F6EA1 /* Sources */,
				CAC2C4271E7BE8F1004F6EA1 /* Frameworks */,
				CAC2C4281E7BE8F1004F6EA1 /* Resources */,
			);
			buildRules = (
			);
			dependencies = (
			);
			name = "Reddit Walls";
			productName = "Reddit Walls";
			productReference = CAC2C42A1E7BE8F1004F6EA1 /* Reddit Walls.app */;
			productType = "com.apple.product-type.application";
		};
/* End PBXNativeTarget section */

/* Begin PBXProject section */
		CAC2C4221E7BE8F1004F6EA1 /* Project object */ = {
			isa = PBXProject;
			attributes = {
				LastSwiftUpdateCheck = 0930;
				LastUpgradeCheck = 0930;
				ORGANIZATIONNAME = "Amanuel Ketebo";
				TargetAttributes = {
					CA5A515520A12BB1009521B3 = {
						CreatedOnToolsVersion = 9.3;
						DevelopmentTeam = 6Z5EK2Z6N5;
						LastSwiftMigration = 1020;
						ProvisioningStyle = Automatic;
						TestTargetID = CAC2C4291E7BE8F1004F6EA1;
					};
					CABC192920A61EB100496056 = {
						CreatedOnToolsVersion = 9.3;
						DevelopmentTeam = 6Z5EK2Z6N5;
						LastSwiftMigration = 1020;
						ProvisioningStyle = Automatic;
						TestTargetID = CAC2C4291E7BE8F1004F6EA1;
					};
					CAC2C4291E7BE8F1004F6EA1 = {
						CreatedOnToolsVersion = 8.2.1;
						DevelopmentTeam = WYET37TU46;
						LastSwiftMigration = 1020;
						ProvisioningStyle = Automatic;
					};
				};
			};
			buildConfigurationList = CAC2C4251E7BE8F1004F6EA1 /* Build configuration list for PBXProject "Reddit Walls" */;
			compatibilityVersion = "Xcode 3.2";
			developmentRegion = en;
			hasScannedForEncodings = 0;
			knownRegions = (
				en,
				Base,
			);
			mainGroup = CAC2C4211E7BE8F1004F6EA1;
			productRefGroup = CAC2C42B1E7BE8F1004F6EA1 /* Products */;
			projectDirPath = "";
			projectRoot = "";
			targets = (
				CAC2C4291E7BE8F1004F6EA1 /* Reddit Walls */,
				CA5A515520A12BB1009521B3 /* RedditWallsUITests */,
				CABC192920A61EB100496056 /* RedditWallsUnitTests */,
			);
		};
/* End PBXProject section */

/* Begin PBXResourcesBuildPhase section */
		CA5A515420A12BB1009521B3 /* Resources */ = {
			isa = PBXResourcesBuildPhase;
			buildActionMask = 2147483647;
			files = (
			);
			runOnlyForDeploymentPostprocessing = 0;
		};
		CABC192820A61EB100496056 /* Resources */ = {
			isa = PBXResourcesBuildPhase;
			buildActionMask = 2147483647;
			files = (
			);
			runOnlyForDeploymentPostprocessing = 0;
		};
		CAC2C4281E7BE8F1004F6EA1 /* Resources */ = {
			isa = PBXResourcesBuildPhase;
			buildActionMask = 2147483647;
			files = (
				CA1025491F876D5000FFD9D6 /* InformationVC.xib in Resources */,
				CA1025471F876D5000FFD9D6 /* Assets.xcassets in Resources */,
				CA1025501F876D8A00FFD9D6 /* LaunchScreen.storyboard in Resources */,
				CA11D8601FF4ACE700430D86 /* SelectedWallpaper.storyboard in Resources */,
				CA6EAECC20844EE8005EEFB2 /* WallpapersVC.storyboard in Resources */,
				CA10254F1F876D8A00FFD9D6 /* Main.storyboard in Resources */,
			);
			runOnlyForDeploymentPostprocessing = 0;
		};
/* End PBXResourcesBuildPhase section */

/* Begin PBXSourcesBuildPhase section */
		CA5A515220A12BB1009521B3 /* Sources */ = {
			isa = PBXSourcesBuildPhase;
			buildActionMask = 2147483647;
			files = (
				CA5A515920A12BB1009521B3 /* SnapshotTest.swift in Sources */,
				CA5A516120A12CD9009521B3 /* SnapshotHelper.swift in Sources */,
			);
			runOnlyForDeploymentPostprocessing = 0;
		};
		CABC192620A61EB100496056 /* Sources */ = {
			isa = PBXSourcesBuildPhase;
			buildActionMask = 2147483647;
			files = (
				CABC193520A62C3C00496056 /* WallpaperTests.swift in Sources */,
			);
			runOnlyForDeploymentPostprocessing = 0;
		};
		CAC2C4261E7BE8F1004F6EA1 /* Sources */ = {
			isa = PBXSourcesBuildPhase;
			buildActionMask = 2147483647;
			files = (
				CA1025461F876D5000FFD9D6 /* AppDelegate.swift in Sources */,
				CA1266672083032300AD4FF9 /* RedditsView.swift in Sources */,
				CA3D6C552426C1EB001A19EE /* WallpapersResponse.swift in Sources */,
				CACE30BC201A669400358747 /* SettingsVC.swift in Sources */,
				CA1025301F876BDD00FFD9D6 /* WallpapersAPIResponse.swift in Sources */,
				CA1025381F876BF900FFD9D6 /* BaseVC.swift in Sources */,
				CA3D6C5124259940001A19EE /* APIServiceError.swift in Sources */,
				CA3D6C532425CC25001A19EE /* WallpaperFetcher.swift in Sources */,
				CA10253B1F876BF900FFD9D6 /* SelectedWallpaperVC.swift in Sources */,
				CA10253C1F876BF900FFD9D6 /* WallpapersVC.swift in Sources */,
				CA1266652082E34F00AD4FF9 /* LoadingCell.swift in Sources */,
				CA3D6C572426DF32001A19EE /* FavoritesManagerV2.swift in Sources */,
				CA90B8F52299D4FB00B1BA10 /* RedditError.swift in Sources */,
				CA997D8921190DFC0062562A /* Alert.swift in Sources */,
				CA42A7601FF4D5A0005EE3D5 /* Dimension.swift in Sources */,
				CA3EADC7229A667300440239 /* Resolutions.swift in Sources */,
				CA6EAEC8208442FA005EEFB2 /* RedditsVC.swift in Sources */,
				CAF609E4212E194F00A7C2BF /* WallpapersDataSource.swift in Sources */,
				CA10252D1F876BDD00FFD9D6 /* WallpaperRequester.swift in Sources */,
				CA67F09C229B14200062313C /* URLSessionExtension.swift in Sources */,
				CA10252E1F876BDD00FFD9D6 /* Extensions.swift in Sources */,
				CA1025391F876BF900FFD9D6 /* FavoritesVC.swift in Sources */,
				CA126670208344A900AD4FF9 /* NoFavoritesCell.swift in Sources */,
				CA10253A1F876BF900FFD9D6 /* InformationVC.swift in Sources */,
				CA1025311F876BDD00FFD9D6 /* Wallpaper.swift in Sources */,
				CAFCCB84212CB70F0053A1BB /* RedditWalls.xcdatamodeld in Sources */,
				CA3D6C4F24259906001A19EE /* WallpaperService.swift in Sources */,
				CA10254A1F876D5000FFD9D6 /* WallpaperCell.swift in Sources */,
				CA8B4B58202798180006127D /* ThemeCell.swift in Sources */,
				CAFCCB87212CBCD10053A1BB /* FavoriteWallpaper.swift in Sources */,
				CA2E31411FF6048A00573790 /* CustomSaveToCameraRollActivity.swift in Sources */,
				CA941E52212E839900A6C505 /* WallpapersDelegate.swift in Sources */,
				CA10252F1F876BDD00FFD9D6 /* FavoritesManager.swift in Sources */,
				CA3D6C592426E2FD001A19EE /* FavoritesSaver.swift in Sources */,
				CA4F3E05203AAD8800B82A56 /* Theme.swift in Sources */,
			);
			runOnlyForDeploymentPostprocessing = 0;
		};
/* End PBXSourcesBuildPhase section */

/* Begin PBXTargetDependency section */
		CA5A515C20A12BB1009521B3 /* PBXTargetDependency */ = {
			isa = PBXTargetDependency;
			target = CAC2C4291E7BE8F1004F6EA1 /* Reddit Walls */;
			targetProxy = CA5A515B20A12BB1009521B3 /* PBXContainerItemProxy */;
		};
		CABC193020A61EB100496056 /* PBXTargetDependency */ = {
			isa = PBXTargetDependency;
			target = CAC2C4291E7BE8F1004F6EA1 /* Reddit Walls */;
			targetProxy = CABC192F20A61EB100496056 /* PBXContainerItemProxy */;
		};
/* End PBXTargetDependency section */

/* Begin PBXVariantGroup section */
		CA10254B1F876D8A00FFD9D6 /* Main.storyboard */ = {
			isa = PBXVariantGroup;
			children = (
				CA10254C1F876D8A00FFD9D6 /* Base */,
			);
			name = Main.storyboard;
			sourceTree = "<group>";
		};
		CA10254D1F876D8A00FFD9D6 /* LaunchScreen.storyboard */ = {
			isa = PBXVariantGroup;
			children = (
				CA10254E1F876D8A00FFD9D6 /* Base */,
			);
			name = LaunchScreen.storyboard;
			sourceTree = "<group>";
		};
/* End PBXVariantGroup section */

/* Begin XCBuildConfiguration section */
		CA5A515D20A12BB1009521B3 /* Debug */ = {
			isa = XCBuildConfiguration;
			buildSettings = {
				CLANG_ANALYZER_NUMBER_OBJECT_CONVERSION = YES_AGGRESSIVE;
				CLANG_CXX_LANGUAGE_STANDARD = "gnu++14";
				CLANG_ENABLE_OBJC_WEAK = YES;
				CLANG_WARN_UNGUARDED_AVAILABILITY = YES_AGGRESSIVE;
				CODE_SIGN_IDENTITY = "iPhone Developer";
				CODE_SIGN_STYLE = Automatic;
				DEVELOPMENT_TEAM = 6Z5EK2Z6N5;
				GCC_C_LANGUAGE_STANDARD = gnu11;
				INFOPLIST_FILE = RedditWallsUITests/Info.plist;
				IPHONEOS_DEPLOYMENT_TARGET = 11.3;
				LD_RUNPATH_SEARCH_PATHS = "$(inherited) @executable_path/Frameworks @loader_path/Frameworks";
				PRODUCT_BUNDLE_IDENTIFIER = edu.unlv.keteboa.RedditWallsUITests;
				PRODUCT_NAME = "$(TARGET_NAME)";
				SWIFT_VERSION = 5.0;
				TARGETED_DEVICE_FAMILY = "1,2";
				TEST_TARGET_NAME = "Reddit Walls";
			};
			name = Debug;
		};
		CA5A515E20A12BB1009521B3 /* Release */ = {
			isa = XCBuildConfiguration;
			buildSettings = {
				CLANG_ANALYZER_NUMBER_OBJECT_CONVERSION = YES_AGGRESSIVE;
				CLANG_CXX_LANGUAGE_STANDARD = "gnu++14";
				CLANG_ENABLE_OBJC_WEAK = YES;
				CLANG_WARN_UNGUARDED_AVAILABILITY = YES_AGGRESSIVE;
				CODE_SIGN_IDENTITY = "iPhone Developer";
				CODE_SIGN_STYLE = Automatic;
				DEVELOPMENT_TEAM = 6Z5EK2Z6N5;
				GCC_C_LANGUAGE_STANDARD = gnu11;
				INFOPLIST_FILE = RedditWallsUITests/Info.plist;
				IPHONEOS_DEPLOYMENT_TARGET = 11.3;
				LD_RUNPATH_SEARCH_PATHS = "$(inherited) @executable_path/Frameworks @loader_path/Frameworks";
				PRODUCT_BUNDLE_IDENTIFIER = edu.unlv.keteboa.RedditWallsUITests;
				PRODUCT_NAME = "$(TARGET_NAME)";
				SWIFT_VERSION = 5.0;
				TARGETED_DEVICE_FAMILY = "1,2";
				TEST_TARGET_NAME = "Reddit Walls";
			};
			name = Release;
		};
		CABC193120A61EB100496056 /* Debug */ = {
			isa = XCBuildConfiguration;
			buildSettings = {
				BUNDLE_LOADER = "$(TEST_HOST)";
				CLANG_ANALYZER_NUMBER_OBJECT_CONVERSION = YES_AGGRESSIVE;
				CLANG_CXX_LANGUAGE_STANDARD = "gnu++14";
				CLANG_ENABLE_OBJC_WEAK = YES;
				CLANG_WARN_UNGUARDED_AVAILABILITY = YES_AGGRESSIVE;
				CODE_SIGN_IDENTITY = "iPhone Developer";
				CODE_SIGN_STYLE = Automatic;
				DEVELOPMENT_TEAM = 6Z5EK2Z6N5;
				GCC_C_LANGUAGE_STANDARD = gnu11;
				INFOPLIST_FILE = RedditWallsUnitTests/Info.plist;
				IPHONEOS_DEPLOYMENT_TARGET = 11.3;
				LD_RUNPATH_SEARCH_PATHS = "$(inherited) @executable_path/Frameworks @loader_path/Frameworks";
				PRODUCT_BUNDLE_IDENTIFIER = edu.unlv.keteboa.RedditWallsUnitTests;
				PRODUCT_NAME = "$(TARGET_NAME)";
				SWIFT_VERSION = 5.0;
				TARGETED_DEVICE_FAMILY = "1,2";
				TEST_HOST = "$(BUILT_PRODUCTS_DIR)/Reddit Walls.app/Reddit Walls";
			};
			name = Debug;
		};
		CABC193220A61EB100496056 /* Release */ = {
			isa = XCBuildConfiguration;
			buildSettings = {
				BUNDLE_LOADER = "$(TEST_HOST)";
				CLANG_ANALYZER_NUMBER_OBJECT_CONVERSION = YES_AGGRESSIVE;
				CLANG_CXX_LANGUAGE_STANDARD = "gnu++14";
				CLANG_ENABLE_OBJC_WEAK = YES;
				CLANG_WARN_UNGUARDED_AVAILABILITY = YES_AGGRESSIVE;
				CODE_SIGN_IDENTITY = "iPhone Developer";
				CODE_SIGN_STYLE = Automatic;
				DEVELOPMENT_TEAM = 6Z5EK2Z6N5;
				GCC_C_LANGUAGE_STANDARD = gnu11;
				INFOPLIST_FILE = RedditWallsUnitTests/Info.plist;
				IPHONEOS_DEPLOYMENT_TARGET = 11.3;
				LD_RUNPATH_SEARCH_PATHS = "$(inherited) @executable_path/Frameworks @loader_path/Frameworks";
				PRODUCT_BUNDLE_IDENTIFIER = edu.unlv.keteboa.RedditWallsUnitTests;
				PRODUCT_NAME = "$(TARGET_NAME)";
				SWIFT_VERSION = 5.0;
				TARGETED_DEVICE_FAMILY = "1,2";
				TEST_HOST = "$(BUILT_PRODUCTS_DIR)/Reddit Walls.app/Reddit Walls";
			};
			name = Release;
		};
		CAC2C43A1E7BE8F1004F6EA1 /* Debug */ = {
			isa = XCBuildConfiguration;
			buildSettings = {
				ALWAYS_SEARCH_USER_PATHS = NO;
				CLANG_ANALYZER_NONNULL = YES;
				CLANG_CXX_LANGUAGE_STANDARD = "gnu++0x";
				CLANG_CXX_LIBRARY = "libc++";
				CLANG_ENABLE_MODULES = YES;
				CLANG_ENABLE_OBJC_ARC = YES;
				CLANG_WARN_BLOCK_CAPTURE_AUTORELEASING = YES;
				CLANG_WARN_BOOL_CONVERSION = YES;
				CLANG_WARN_COMMA = YES;
				CLANG_WARN_CONSTANT_CONVERSION = YES;
				CLANG_WARN_DEPRECATED_OBJC_IMPLEMENTATIONS = YES;
				CLANG_WARN_DIRECT_OBJC_ISA_USAGE = YES_ERROR;
				CLANG_WARN_DOCUMENTATION_COMMENTS = YES;
				CLANG_WARN_EMPTY_BODY = YES;
				CLANG_WARN_ENUM_CONVERSION = YES;
				CLANG_WARN_INFINITE_RECURSION = YES;
				CLANG_WARN_INT_CONVERSION = YES;
				CLANG_WARN_NON_LITERAL_NULL_CONVERSION = YES;
				CLANG_WARN_OBJC_IMPLICIT_RETAIN_SELF = YES;
				CLANG_WARN_OBJC_LITERAL_CONVERSION = YES;
				CLANG_WARN_OBJC_ROOT_CLASS = YES_ERROR;
				CLANG_WARN_RANGE_LOOP_ANALYSIS = YES;
				CLANG_WARN_STRICT_PROTOTYPES = YES;
				CLANG_WARN_SUSPICIOUS_MOVE = YES;
				CLANG_WARN_UNREACHABLE_CODE = YES;
				CLANG_WARN__DUPLICATE_METHOD_MATCH = YES;
				"CODE_SIGN_IDENTITY[sdk=iphoneos*]" = "iPhone Developer";
				COPY_PHASE_STRIP = NO;
				DEBUG_INFORMATION_FORMAT = dwarf;
				ENABLE_STRICT_OBJC_MSGSEND = YES;
				ENABLE_TESTABILITY = YES;
				GCC_C_LANGUAGE_STANDARD = gnu99;
				GCC_DYNAMIC_NO_PIC = NO;
				GCC_NO_COMMON_BLOCKS = YES;
				GCC_OPTIMIZATION_LEVEL = 0;
				GCC_PREPROCESSOR_DEFINITIONS = (
					"DEBUG=1",
					"$(inherited)",
				);
				GCC_WARN_64_TO_32_BIT_CONVERSION = YES;
				GCC_WARN_ABOUT_RETURN_TYPE = YES_ERROR;
				GCC_WARN_UNDECLARED_SELECTOR = YES;
				GCC_WARN_UNINITIALIZED_AUTOS = YES_AGGRESSIVE;
				GCC_WARN_UNUSED_FUNCTION = YES;
				GCC_WARN_UNUSED_VARIABLE = YES;
				IPHONEOS_DEPLOYMENT_TARGET = 10.2;
				MTL_ENABLE_DEBUG_INFO = YES;
				ONLY_ACTIVE_ARCH = YES;
				SDKROOT = iphoneos;
				SWIFT_ACTIVE_COMPILATION_CONDITIONS = DEBUG;
				SWIFT_OPTIMIZATION_LEVEL = "-Onone";
				TARGETED_DEVICE_FAMILY = "1,2";
			};
			name = Debug;
		};
		CAC2C43B1E7BE8F1004F6EA1 /* Release */ = {
			isa = XCBuildConfiguration;
			buildSettings = {
				ALWAYS_SEARCH_USER_PATHS = NO;
				CLANG_ANALYZER_NONNULL = YES;
				CLANG_CXX_LANGUAGE_STANDARD = "gnu++0x";
				CLANG_CXX_LIBRARY = "libc++";
				CLANG_ENABLE_MODULES = YES;
				CLANG_ENABLE_OBJC_ARC = YES;
				CLANG_WARN_BLOCK_CAPTURE_AUTORELEASING = YES;
				CLANG_WARN_BOOL_CONVERSION = YES;
				CLANG_WARN_COMMA = YES;
				CLANG_WARN_CONSTANT_CONVERSION = YES;
				CLANG_WARN_DEPRECATED_OBJC_IMPLEMENTATIONS = YES;
				CLANG_WARN_DIRECT_OBJC_ISA_USAGE = YES_ERROR;
				CLANG_WARN_DOCUMENTATION_COMMENTS = YES;
				CLANG_WARN_EMPTY_BODY = YES;
				CLANG_WARN_ENUM_CONVERSION = YES;
				CLANG_WARN_INFINITE_RECURSION = YES;
				CLANG_WARN_INT_CONVERSION = YES;
				CLANG_WARN_NON_LITERAL_NULL_CONVERSION = YES;
				CLANG_WARN_OBJC_IMPLICIT_RETAIN_SELF = YES;
				CLANG_WARN_OBJC_LITERAL_CONVERSION = YES;
				CLANG_WARN_OBJC_ROOT_CLASS = YES_ERROR;
				CLANG_WARN_RANGE_LOOP_ANALYSIS = YES;
				CLANG_WARN_STRICT_PROTOTYPES = YES;
				CLANG_WARN_SUSPICIOUS_MOVE = YES;
				CLANG_WARN_UNREACHABLE_CODE = YES;
				CLANG_WARN__DUPLICATE_METHOD_MATCH = YES;
				"CODE_SIGN_IDENTITY[sdk=iphoneos*]" = "iPhone Developer";
				COPY_PHASE_STRIP = NO;
				DEBUG_INFORMATION_FORMAT = "dwarf-with-dsym";
				ENABLE_NS_ASSERTIONS = NO;
				ENABLE_STRICT_OBJC_MSGSEND = YES;
				GCC_C_LANGUAGE_STANDARD = gnu99;
				GCC_NO_COMMON_BLOCKS = YES;
				GCC_WARN_64_TO_32_BIT_CONVERSION = YES;
				GCC_WARN_ABOUT_RETURN_TYPE = YES_ERROR;
				GCC_WARN_UNDECLARED_SELECTOR = YES;
				GCC_WARN_UNINITIALIZED_AUTOS = YES_AGGRESSIVE;
				GCC_WARN_UNUSED_FUNCTION = YES;
				GCC_WARN_UNUSED_VARIABLE = YES;
				IPHONEOS_DEPLOYMENT_TARGET = 10.2;
				MTL_ENABLE_DEBUG_INFO = NO;
				SDKROOT = iphoneos;
				SWIFT_OPTIMIZATION_LEVEL = "-Owholemodule";
				TARGETED_DEVICE_FAMILY = "1,2";
				VALIDATE_PRODUCT = YES;
			};
			name = Release;
		};
		CAC2C43D1E7BE8F1004F6EA1 /* Debug */ = {
			isa = XCBuildConfiguration;
			buildSettings = {
				ASSETCATALOG_COMPILER_APPICON_NAME = AppIcon;
				DEVELOPMENT_TEAM = WYET37TU46;
				INFOPLIST_FILE = "Reddit Walls/Support Files/Info.plist";
				IPHONEOS_DEPLOYMENT_TARGET = 11.2;
				LD_RUNPATH_SEARCH_PATHS = "$(inherited) @executable_path/Frameworks";
				PRODUCT_BUNDLE_IDENTIFIER = "edu.unlv.keteboa.Reddit-Walls";
				PRODUCT_NAME = "$(TARGET_NAME)";
				SWIFT_VERSION = 5.0;
			};
			name = Debug;
		};
		CAC2C43E1E7BE8F1004F6EA1 /* Release */ = {
			isa = XCBuildConfiguration;
			buildSettings = {
				ASSETCATALOG_COMPILER_APPICON_NAME = AppIcon;
				DEVELOPMENT_TEAM = WYET37TU46;
				INFOPLIST_FILE = "Reddit Walls/Support Files/Info.plist";
				IPHONEOS_DEPLOYMENT_TARGET = 11.2;
				LD_RUNPATH_SEARCH_PATHS = "$(inherited) @executable_path/Frameworks";
				PRODUCT_BUNDLE_IDENTIFIER = "edu.unlv.keteboa.Reddit-Walls";
				PRODUCT_NAME = "$(TARGET_NAME)";
				SWIFT_VERSION = 5.0;
			};
			name = Release;
		};
/* End XCBuildConfiguration section */

/* Begin XCConfigurationList section */
		CA5A515F20A12BB1009521B3 /* Build configuration list for PBXNativeTarget "RedditWallsUITests" */ = {
			isa = XCConfigurationList;
			buildConfigurations = (
				CA5A515D20A12BB1009521B3 /* Debug */,
				CA5A515E20A12BB1009521B3 /* Release */,
			);
			defaultConfigurationIsVisible = 0;
			defaultConfigurationName = Release;
		};
		CABC193320A61EB100496056 /* Build configuration list for PBXNativeTarget "RedditWallsUnitTests" */ = {
			isa = XCConfigurationList;
			buildConfigurations = (
				CABC193120A61EB100496056 /* Debug */,
				CABC193220A61EB100496056 /* Release */,
			);
			defaultConfigurationIsVisible = 0;
			defaultConfigurationName = Release;
		};
		CAC2C4251E7BE8F1004F6EA1 /* Build configuration list for PBXProject "Reddit Walls" */ = {
			isa = XCConfigurationList;
			buildConfigurations = (
				CAC2C43A1E7BE8F1004F6EA1 /* Debug */,
				CAC2C43B1E7BE8F1004F6EA1 /* Release */,
			);
			defaultConfigurationIsVisible = 0;
			defaultConfigurationName = Release;
		};
		CAC2C43C1E7BE8F1004F6EA1 /* Build configuration list for PBXNativeTarget "Reddit Walls" */ = {
			isa = XCConfigurationList;
			buildConfigurations = (
				CAC2C43D1E7BE8F1004F6EA1 /* Debug */,
				CAC2C43E1E7BE8F1004F6EA1 /* Release */,
			);
			defaultConfigurationIsVisible = 0;
			defaultConfigurationName = Release;
		};
/* End XCConfigurationList section */

/* Begin XCVersionGroup section */
		CAFCCB82212CB70F0053A1BB /* RedditWalls.xcdatamodeld */ = {
			isa = XCVersionGroup;
			children = (
				CAFCCB83212CB70F0053A1BB /* RedditWalls.xcdatamodel */,
			);
			currentVersion = CAFCCB83212CB70F0053A1BB /* RedditWalls.xcdatamodel */;
			path = RedditWalls.xcdatamodeld;
			sourceTree = "<group>";
			versionGroupType = wrapper.xcdatamodel;
		};
/* End XCVersionGroup section */
	};
	rootObject = CAC2C4221E7BE8F1004F6EA1 /* Project object */;
}
